
Microsoft Visual Studio Solution File, Format Version 12.00
# Visual Studio Version 16
VisualStudioVersion = 16.0.30225.117
MinimumVisualStudioVersion = 10.0.40219.1
Project("{FAE04EC0-301F-11D3-BF4B-00C04F79EFBC}") = "Session1-PhonebookConsoleApp", "Session1-PhonebookConsoleApp\Session1-PhonebookConsoleApp.csproj", "{387E5A2E-A122-4C62-B7F4-CA949B58D872}"
EndProject
Project("{FAE04EC0-301F-11D3-BF4B-00C04F79EFBC}") = "Session2-DataAccessLayer", "Session2-DataAccessLayer\Session2-DataAccessLayer.csproj", "{AD6358F8-10C2-4FE2-AB09-BB5915209012}"
EndProject
Project("{FAE04EC0-301F-11D3-BF4B-00C04F79EFBC}") = "Session2,3-PhonebookWebApp", "Session2,3-PhonebookWebApp\Session2,3-PhonebookWebApp.csproj", "{902EEA56-8E35-4DAB-870D-EAF7AF16B3CE}"
EndProject
Project("{FAE04EC0-301F-11D3-BF4B-00C04F79EFBC}") = "Session4-LibraryManagementUIApp", "Session4-LibraryManagementUIApp\Session4-LibraryManagementUIApp.csproj", "{FDE62E1D-83D4-48E0-A2D6-8AF704E2F76E}"
EndProject
Project("{FAE04EC0-301F-11D3-BF4B-00C04F79EFBC}") = "Session6-LibraryManagementUIMysqlDAL", "Session6-LibraryManagementUIMysqlDAL\Session6-LibraryManagementUIMysqlDAL.csproj", "{709D23B8-0C42-4445-955E-CDB870146FAE}"
EndProject
Project("{FAE04EC0-301F-11D3-BF4B-00C04F79EFBC}") = "Session8-LibraryManagementUIMysqlEF6", "Session8-LibraryManagementUIMysqlEF6\Session8-LibraryManagementUIMysqlEF6.csproj", "{DBAA47D9-2489-4CD6-933E-2F93FC7BB32F}"
EndProject
Project("{2150E333-8FDC-42A3-9474-1A3956D46DE8}") = "Solution Items", "Solution Items", "{93E1C310-23E3-416A-B2F4-3339A5427008}"
	ProjectSection(SolutionItems) = preProject
		Notes.md = Notes.md
	EndProjectSection
EndProject
Global
	GlobalSection(SolutionConfigurationPlatforms) = preSolution
		Debug|Any CPU = Debug|Any CPU
		Release|Any CPU = Release|Any CPU
	EndGlobalSection
	GlobalSection(ProjectConfigurationPlatforms) = postSolution
		{387E5A2E-A122-4C62-B7F4-CA949B58D872}.Debug|Any CPU.ActiveCfg = Debug|Any CPU
		{387E5A2E-A122-4C62-B7F4-CA949B58D872}.Debug|Any CPU.Build.0 = Debug|Any CPU
		{387E5A2E-A122-4C62-B7F4-CA949B58D872}.Release|Any CPU.ActiveCfg = Release|Any CPU
		{387E5A2E-A122-4C62-B7F4-CA949B58D872}.Release|Any CPU.Build.0 = Release|Any CPU
		{AD6358F8-10C2-4FE2-AB09-BB5915209012}.Debug|Any CPU.ActiveCfg = Debug|Any CPU
		{AD6358F8-10C2-4FE2-AB09-BB5915209012}.Debug|Any CPU.Build.0 = Debug|Any CPU
		{AD6358F8-10C2-4FE2-AB09-BB5915209012}.Release|Any CPU.ActiveCfg = Release|Any CPU
		{AD6358F8-10C2-4FE2-AB09-BB5915209012}.Release|Any CPU.Build.0 = Release|Any CPU
		{902EEA56-8E35-4DAB-870D-EAF7AF16B3CE}.Debug|Any CPU.ActiveCfg = Debug|Any CPU
		{902EEA56-8E35-4DAB-870D-EAF7AF16B3CE}.Debug|Any CPU.Build.0 = Debug|Any CPU
		{902EEA56-8E35-4DAB-870D-EAF7AF16B3CE}.Release|Any CPU.ActiveCfg = Release|Any CPU
		{902EEA56-8E35-4DAB-870D-EAF7AF16B3CE}.Release|Any CPU.Build.0 = Release|Any CPU
		{FDE62E1D-83D4-48E0-A2D6-8AF704E2F76E}.Debug|Any CPU.ActiveCfg = Debug|Any CPU
		{FDE62E1D-83D4-48E0-A2D6-8AF704E2F76E}.Debug|Any CPU.Build.0 = Debug|Any CPU
		{FDE62E1D-83D4-48E0-A2D6-8AF704E2F76E}.Release|Any CPU.ActiveCfg = Release|Any CPU
		{FDE62E1D-83D4-48E0-A2D6-8AF704E2F76E}.Release|Any CPU.Build.0 = Release|Any CPU
		{709D23B8-0C42-4445-955E-CDB870146FAE}.Debug|Any CPU.ActiveCfg = Debug|Any CPU
		{709D23B8-0C42-4445-955E-CDB870146FAE}.Debug|Any CPU.Build.0 = Debug|Any CPU
		{709D23B8-0C42-4445-955E-CDB870146FAE}.Release|Any CPU.ActiveCfg = Release|Any CPU
		{709D23B8-0C42-4445-955E-CDB870146FAE}.Release|Any CPU.Build.0 = Release|Any CPU
		{DBAA47D9-2489-4CD6-933E-2F93FC7BB32F}.Debug|Any CPU.ActiveCfg = Debug|Any CPU
		{DBAA47D9-2489-4CD6-933E-2F93FC7BB32F}.Debug|Any CPU.Build.0 = Debug|Any CPU
		{DBAA47D9-2489-4CD6-933E-2F93FC7BB32F}.Release|Any CPU.ActiveCfg = Release|Any CPU
		{DBAA47D9-2489-4CD6-933E-2F93FC7BB32F}.Release|Any CPU.Build.0 = Release|Any CPU
	EndGlobalSection
	GlobalSection(SolutionProperties) = preSolution
		HideSolutionNode = FALSE
	EndGlobalSection
	GlobalSection(ExtensibilityGlobals) = postSolution
		SolutionGuid = {BCD0C3CE-AE37-4F44-AC01-B81CE7EE1E73}
	EndGlobalSection
EndGlobal
